
Microsoft Visual Studio Solution File, Format Version 12.00
# Visual Studio 15
VisualStudioVersion = 15.0.27703.2000
MinimumVisualStudioVersion = 10.0.40219.1
Project("{FAE04EC0-301F-11D3-BF4B-00C04F79EFBC}") = "Struct App", "Struct App\Struct App.csproj", "{69670EB7-4B29-4FE0-96DC-9A90EC088D93}"
EndProject
Global
	GlobalSection(SolutionConfigurationPlatforms) = preSolution
		Debug|Any CPU = Debug|Any CPU
		Release|Any CPU = Release|Any CPU
	EndGlobalSection
	GlobalSection(ProjectConfigurationPlatforms) = postSolution
		{69670EB7-4B29-4FE0-96DC-9A90EC088D93}.Debug|Any CPU.ActiveCfg = Debug|Any CPU
		{69670EB7-4B29-4FE0-96DC-9A90EC088D93}.Debug|Any CPU.Build.0 = Debug|Any CPU
		{69670EB7-4B29-4FE0-96DC-9A90EC088D93}.Release|Any CPU.ActiveCfg = Release|Any CPU
		{69670EB7-4B29-4FE0-96DC-9A90EC088D93}.Release|Any CPU.Build.0 = Release|Any CPU
	EndGlobalSection
	GlobalSection(SolutionProperties) = preSolution
		HideSolutionNode = FALSE
	EndGlobalSection
	GlobalSection(ExtensibilityGlobals) = postSolution
		SolutionGuid = {F9403097-3137-43D8-A1CD-4C27D642A459}
	EndGlobalSection
EndGlobal
